
Microsoft Visual Studio Solution File, Format Version 12.00
# Visual Studio Version 16
VisualStudioVersion = 16.0.29409.12
MinimumVisualStudioVersion = 10.0.40219.1
Project("{FAE04EC0-301F-11D3-BF4B-00C04F79EFBC}") = "DGScope", "scope\DGScope.csproj", "{DE29D155-652E-44C2-8008-C6C3E5A45A16}"
EndProject
Project("{9A19103F-16F7-4668-BE54-9A1E7A4F7556}") = "DGScope.Library", "DGScope.Library\DGScope.Library.csproj", "{E6F34299-1536-4ED4-A8CD-397B1CA354E1}"
EndProject
Project("{9A19103F-16F7-4668-BE54-9A1E7A4F7556}") = "ScopeWindow", "ScopeWindow\ScopeWindow.csproj", "{1C708608-48D8-4F2A-9D9D-8012CB10C96F}"
EndProject
Project("{9A19103F-16F7-4668-BE54-9A1E7A4F7556}") = "DGScope.Nexrad", "Nexrad\DGScope.Nexrad.csproj", "{016AC459-4994-4337-990F-E18B66066E18}"
EndProject
Project("{9A19103F-16F7-4668-BE54-9A1E7A4F7556}") = "DGScope.Receivers.FAA_STDDS", "DGScope.Receivers.FAA_STDDS\DGScope.Receivers.FAA_STDDS.csproj", "{34362ED1-E7CE-4B90-92AE-E76BAB83405B}"
EndProject
Project("{9A19103F-16F7-4668-BE54-9A1E7A4F7556}") = "ScopeServer", "ScopeServer\ScopeServer.csproj", "{738C1257-6D48-41A2-BA2A-14ED7F0B48C6}"
EndProject
Project("{9A19103F-16F7-4668-BE54-9A1E7A4F7556}") = "DGScope.Receivers.ReadsbJSON", "DGScope.Receivers.ReadsbJSON\DGScope.Receivers.ReadsbJSON.csproj", "{EEAEC3FE-452B-45F5-89D9-3D6963131814}"
EndProject
Global
	GlobalSection(SolutionConfigurationPlatforms) = preSolution
		Debug|Any CPU = Debug|Any CPU
		Release|Any CPU = Release|Any CPU
	EndGlobalSection
	GlobalSection(ProjectConfigurationPlatforms) = postSolution
		{DE29D155-652E-44C2-8008-C6C3E5A45A16}.Debug|Any CPU.ActiveCfg = Debug|Any CPU
		{DE29D155-652E-44C2-8008-C6C3E5A45A16}.Debug|Any CPU.Build.0 = Debug|Any CPU
		{DE29D155-652E-44C2-8008-C6C3E5A45A16}.Release|Any CPU.ActiveCfg = Release|Any CPU
		{DE29D155-652E-44C2-8008-C6C3E5A45A16}.Release|Any CPU.Build.0 = Release|Any CPU
		{E6F34299-1536-4ED4-A8CD-397B1CA354E1}.Debug|Any CPU.ActiveCfg = Debug|Any CPU
		{E6F34299-1536-4ED4-A8CD-397B1CA354E1}.Debug|Any CPU.Build.0 = Debug|Any CPU
		{E6F34299-1536-4ED4-A8CD-397B1CA354E1}.Release|Any CPU.ActiveCfg = Release|Any CPU
		{E6F34299-1536-4ED4-A8CD-397B1CA354E1}.Release|Any CPU.Build.0 = Release|Any CPU
		{1C708608-48D8-4F2A-9D9D-8012CB10C96F}.Debug|Any CPU.ActiveCfg = Debug|Any CPU
		{1C708608-48D8-4F2A-9D9D-8012CB10C96F}.Debug|Any CPU.Build.0 = Debug|Any CPU
		{1C708608-48D8-4F2A-9D9D-8012CB10C96F}.Release|Any CPU.ActiveCfg = Release|Any CPU
		{1C708608-48D8-4F2A-9D9D-8012CB10C96F}.Release|Any CPU.Build.0 = Release|Any CPU
		{016AC459-4994-4337-990F-E18B66066E18}.Debug|Any CPU.ActiveCfg = Debug|Any CPU
		{016AC459-4994-4337-990F-E18B66066E18}.Debug|Any CPU.Build.0 = Debug|Any CPU
		{016AC459-4994-4337-990F-E18B66066E18}.Release|Any CPU.ActiveCfg = Release|Any CPU
		{016AC459-4994-4337-990F-E18B66066E18}.Release|Any CPU.Build.0 = Release|Any CPU
		{34362ED1-E7CE-4B90-92AE-E76BAB83405B}.Debug|Any CPU.ActiveCfg = Debug|Any CPU
		{34362ED1-E7CE-4B90-92AE-E76BAB83405B}.Debug|Any CPU.Build.0 = Debug|Any CPU
		{34362ED1-E7CE-4B90-92AE-E76BAB83405B}.Release|Any CPU.ActiveCfg = Release|Any CPU
		{34362ED1-E7CE-4B90-92AE-E76BAB83405B}.Release|Any CPU.Build.0 = Release|Any CPU
		{738C1257-6D48-41A2-BA2A-14ED7F0B48C6}.Debug|Any CPU.ActiveCfg = Debug|Any CPU
		{738C1257-6D48-41A2-BA2A-14ED7F0B48C6}.Debug|Any CPU.Build.0 = Debug|Any CPU
		{738C1257-6D48-41A2-BA2A-14ED7F0B48C6}.Release|Any CPU.ActiveCfg = Release|Any CPU
		{738C1257-6D48-41A2-BA2A-14ED7F0B48C6}.Release|Any CPU.Build.0 = Release|Any CPU
		{EEAEC3FE-452B-45F5-89D9-3D6963131814}.Debug|Any CPU.ActiveCfg = Debug|Any CPU
		{EEAEC3FE-452B-45F5-89D9-3D6963131814}.Debug|Any CPU.Build.0 = Debug|Any CPU
		{EEAEC3FE-452B-45F5-89D9-3D6963131814}.Release|Any CPU.ActiveCfg = Release|Any CPU
		{EEAEC3FE-452B-45F5-89D9-3D6963131814}.Release|Any CPU.Build.0 = Release|Any CPU
	EndGlobalSection
	GlobalSection(SolutionProperties) = preSolution
		HideSolutionNode = FALSE
	EndGlobalSection
	GlobalSection(ExtensibilityGlobals) = postSolution
		SolutionGuid = {93ABEAEC-F5D8-4939-9FD8-52A6A3034B8E}
	EndGlobalSection
EndGlobal
